
Microsoft Visual Studio Solution File, Format Version 12.00
# Visual Studio Version 17
VisualStudioVersion = 17.14.36414.22 d17.14
MinimumVisualStudioVersion = 10.0.40219.1
Project("{FAE04EC0-301F-11D3-BF4B-00C04F79EFBC}") = "taller", "taller\taller.csproj", "{2DB9D5E8-9914-411A-8981-D27D8FDC19AF}"
EndProject
Global
	GlobalSection(SolutionConfigurationPlatforms) = preSolution
		Debug|Any CPU = Debug|Any CPU
		Release|Any CPU = Release|Any CPU
	EndGlobalSection
	GlobalSection(ProjectConfigurationPlatforms) = postSolution
		{2DB9D5E8-9914-411A-8981-D27D8FDC19AF}.Debug|Any CPU.ActiveCfg = Debug|Any CPU
		{2DB9D5E8-9914-411A-8981-D27D8FDC19AF}.Debug|Any CPU.Build.0 = Debug|Any CPU
		{2DB9D5E8-9914-411A-8981-D27D8FDC19AF}.Release|Any CPU.ActiveCfg = Release|Any CPU
		{2DB9D5E8-9914-411A-8981-D27D8FDC19AF}.Release|Any CPU.Build.0 = Release|Any CPU
	EndGlobalSection
	GlobalSection(SolutionProperties) = preSolution
		HideSolutionNode = FALSE
	EndGlobalSection
	GlobalSection(ExtensibilityGlobals) = postSolution
		SolutionGuid = {2B823594-A0AC-495E-908B-5BE0F85846C3}
	EndGlobalSection
EndGlobal
